
Microsoft Visual Studio Solution File, Format Version 12.00
# Visual Studio 2012
Project("{FAE04EC0-301F-11D3-BF4B-00C04F79EFBC}") = "WindowsFormsApplication2", "WindowsFormsApplication2\WindowsFormsApplication2.csproj", "{84DE2BCD-05B2-4656-8DCA-4315563770A1}"
EndProject
Global
	GlobalSection(SolutionConfigurationPlatforms) = preSolution
		Debug|Any CPU = Debug|Any CPU
		Release|Any CPU = Release|Any CPU
	EndGlobalSection
	GlobalSection(ProjectConfigurationPlatforms) = postSolution
		{84DE2BCD-05B2-4656-8DCA-4315563770A1}.Debug|Any CPU.ActiveCfg = Debug|Any CPU
		{84DE2BCD-05B2-4656-8DCA-4315563770A1}.Debug|Any CPU.Build.0 = Debug|Any CPU
		{84DE2BCD-05B2-4656-8DCA-4315563770A1}.Release|Any CPU.ActiveCfg = Release|Any CPU
		{84DE2BCD-05B2-4656-8DCA-4315563770A1}.Release|Any CPU.Build.0 = Release|Any CPU
	EndGlobalSection
	GlobalSection(SolutionProperties) = preSolution
		HideSolutionNode = FALSE
	EndGlobalSection
EndGlobal
